// !$*UTF8*$!
{
	archiveVersion = 1;
	classes = {
	};
	objectVersion = 51;
	objects = {

/* Begin PBXBuildFile section */
		55D8DAA92FBDB4519DF96F55 /* Pods_GridList.framework in Frameworks */ = {isa = PBXBuildFile; fileRef = A15D79E4CB13AB53289E461A /* Pods_GridList.framework */; };
		AF0434E925BAD91A000F9073 /* AppDelegate.swift in Sources */ = {isa = PBXBuildFile; fileRef = AF0434E825BAD91A000F9073 /* AppDelegate.swift */; };
		AF0434EB25BAD91A000F9073 /* SceneDelegate.swift in Sources */ = {isa = PBXBuildFile; fileRef = AF0434EA25BAD91A000F9073 /* SceneDelegate.swift */; };
		AF0434F025BAD91A000F9073 /* Main.storyboard in Resources */ = {isa = PBXBuildFile; fileRef = AF0434EE25BAD91A000F9073 /* Main.storyboard */; };
		AF0434F225BAD91B000F9073 /* Assets.xcassets in Resources */ = {isa = PBXBuildFile; fileRef = AF0434F125BAD91B000F9073 /* Assets.xcassets */; };
		AF0434F525BAD91B000F9073 /* LaunchScreen.storyboard in Resources */ = {isa = PBXBuildFile; fileRef = AF0434F325BAD91B000F9073 /* LaunchScreen.storyboard */; };
		AF4AF2F825BAE0FF00944A79 /* TabViewController.swift in Sources */ = {isa = PBXBuildFile; fileRef = AF4AF2F725BAE0FE00944A79 /* TabViewController.swift */; };
		AF4C045725BAE89800274C82 /* ImageListViewController.swift in Sources */ = {isa = PBXBuildFile; fileRef = AF4C045625BAE89800274C82 /* ImageListViewController.swift */; };
		AF4C045B25BAE9E400274C82 /* ImageListCell.swift in Sources */ = {isa = PBXBuildFile; fileRef = AF4C045A25BAE9E400274C82 /* ImageListCell.swift */; };
		AF4C045F25BAEC5C00274C82 /* ImageListCell.xib in Resources */ = {isa = PBXBuildFile; fileRef = AF4C045E25BAEC5C00274C82 /* ImageListCell.xib */; };
		AF4C046225BAEE6700274C82 /* GalleryItem.swift in Sources */ = {isa = PBXBuildFile; fileRef = AF4C046125BAEE6700274C82 /* GalleryItem.swift */; };
/* End PBXBuildFile section */

/* Begin PBXFileReference section */
		30373C01BE5B54B7909A7512 /* Pods-GridList.debug.xcconfig */ = {isa = PBXFileReference; includeInIndex = 1; lastKnownFileType = text.xcconfig; name = "Pods-GridList.debug.xcconfig"; path = "Target Support Files/Pods-GridList/Pods-GridList.debug.xcconfig"; sourceTree = "<group>"; };
		698D7CE1B17E9758B209A3C8 /* Pods-GridList.release.xcconfig */ = {isa = PBXFileReference; includeInIndex = 1; lastKnownFileType = text.xcconfig; name = "Pods-GridList.release.xcconfig"; path = "Target Support Files/Pods-GridList/Pods-GridList.release.xcconfig"; sourceTree = "<group>"; };
		A15D79E4CB13AB53289E461A /* Pods_GridList.framework */ = {isa = PBXFileReference; explicitFileType = wrapper.framework; includeInIndex = 0; path = Pods_GridList.framework; sourceTree = BUILT_PRODUCTS_DIR; };
		AF0434E525BAD91A000F9073 /* GridList.app */ = {isa = PBXFileReference; explicitFileType = wrapper.application; includeInIndex = 0; path = GridList.app; sourceTree = BUILT_PRODUCTS_DIR; };
		AF0434E825BAD91A000F9073 /* AppDelegate.swift */ = {isa = PBXFileReference; lastKnownFileType = sourcecode.swift; path = AppDelegate.swift; sourceTree = "<group>"; };
		AF0434EA25BAD91A000F9073 /* SceneDelegate.swift */ = {isa = PBXFileReference; lastKnownFileType = sourcecode.swift; path = SceneDelegate.swift; sourceTree = "<group>"; };
		AF0434EF25BAD91A000F9073 /* Base */ = {isa = PBXFileReference; lastKnownFileType = file.storyboard; name = Base; path = Base.lproj/Main.storyboard; sourceTree = "<group>"; };
		AF0434F125BAD91B000F9073 /* Assets.xcassets */ = {isa = PBXFileReference; lastKnownFileType = folder.assetcatalog; path = Assets.xcassets; sourceTree = "<group>"; };
		AF0434F425BAD91B000F9073 /* Base */ = {isa = PBXFileReference; lastKnownFileType = file.storyboard; name = Base; path = Base.lproj/LaunchScreen.storyboard; sourceTree = "<group>"; };
		AF0434F625BAD91B000F9073 /* Info.plist */ = {isa = PBXFileReference; lastKnownFileType = text.plist.xml; path = Info.plist; sourceTree = "<group>"; };
		AF4AF2F725BAE0FE00944A79 /* TabViewController.swift */ = {isa = PBXFileReference; lastKnownFileType = sourcecode.swift; path = TabViewController.swift; sourceTree = "<group>"; };
		AF4C045625BAE89800274C82 /* ImageListViewController.swift */ = {isa = PBXFileReference; lastKnownFileType = sourcecode.swift; path = ImageListViewController.swift; sourceTree = "<group>"; };
		AF4C045A25BAE9E400274C82 /* ImageListCell.swift */ = {isa = PBXFileReference; lastKnownFileType = sourcecode.swift; path = ImageListCell.swift; sourceTree = "<group>"; };
		AF4C045E25BAEC5C00274C82 /* ImageListCell.xib */ = {isa = PBXFileReference; lastKnownFileType = file.xib; path = ImageListCell.xib; sourceTree = "<group>"; };
		AF4C046125BAEE6700274C82 /* GalleryItem.swift */ = {isa = PBXFileReference; lastKnownFileType = sourcecode.swift; path = GalleryItem.swift; sourceTree = "<group>"; };
/* End PBXFileReference section */

/* Begin PBXFrameworksBuildPhase section */
		AF0434E225BAD91A000F9073 /* Frameworks */ = {
			isa = PBXFrameworksBuildPhase;
			buildActionMask = 2147483647;
			files = (
				55D8DAA92FBDB4519DF96F55 /* Pods_GridList.framework in Frameworks */,
			);
			runOnlyForDeploymentPostprocessing = 0;
		};
/* End PBXFrameworksBuildPhase section */

/* Begin PBXGroup section */
		0B6E1C936ED231F02105275A /* Pods */ = {
			isa = PBXGroup;
			children = (
				30373C01BE5B54B7909A7512 /* Pods-GridList.debug.xcconfig */,
				698D7CE1B17E9758B209A3C8 /* Pods-GridList.release.xcconfig */,
			);
			path = Pods;
			sourceTree = "<group>";
		};
		AF0434DC25BAD91A000F9073 = {
			isa = PBXGroup;
			children = (
				AF0434E725BAD91A000F9073 /* GridList */,
				AF0434E625BAD91A000F9073 /* Products */,
				0B6E1C936ED231F02105275A /* Pods */,
				CCA6C70E079B93C53FF68730 /* Frameworks */,
			);
			sourceTree = "<group>";
		};
		AF0434E625BAD91A000F9073 /* Products */ = {
			isa = PBXGroup;
			children = (
				AF0434E525BAD91A000F9073 /* GridList.app */,
			);
			name = Products;
			sourceTree = "<group>";
		};
		AF0434E725BAD91A000F9073 /* GridList */ = {
			isa = PBXGroup;
			children = (
				AF4FE8FF25BADE46001DC3E7 /* Classes */,
				AF4FE90625BADF5D001DC3E7 /* HelpingFiles */,
				AF0434F125BAD91B000F9073 /* Assets.xcassets */,
				AF0434F625BAD91B000F9073 /* Info.plist */,
			);
			path = GridList;
			sourceTree = "<group>";
		};
		AF4C045925BAE9B600274C82 /* XIBViews */ = {
			isa = PBXGroup;
			children = (
				AF4C045E25BAEC5C00274C82 /* ImageListCell.xib */,
			);
			path = XIBViews;
			sourceTree = "<group>";
		};
		AF4FE8FF25BADE46001DC3E7 /* Classes */ = {
			isa = PBXGroup;
			children = (
				AF4FE90725BADF86001DC3E7 /* Storyboards */,
				AF4FE90425BADF15001DC3E7 /* Managers */,
				AF4FE90325BADF03001DC3E7 /* Models */,
				AF4FE90225BADEF6001DC3E7 /* ViewModels */,
				AF4FE90125BADEEC001DC3E7 /* Controllers */,
				AF4FE90025BADEDF001DC3E7 /* Views */,
			);
			path = Classes;
			sourceTree = "<group>";
		};
		AF4FE90025BADEDF001DC3E7 /* Views */ = {
			isa = PBXGroup;
			children = (
				AF4C045925BAE9B600274C82 /* XIBViews */,
				AF4C045A25BAE9E400274C82 /* ImageListCell.swift */,
			);
			path = Views;
			sourceTree = "<group>";
		};
		AF4FE90125BADEEC001DC3E7 /* Controllers */ = {
			isa = PBXGroup;
			children = (
				AF4AF2F725BAE0FE00944A79 /* TabViewController.swift */,
				AF4C045625BAE89800274C82 /* ImageListViewController.swift */,
			);
			path = Controllers;
			sourceTree = "<group>";
		};
		AF4FE90225BADEF6001DC3E7 /* ViewModels */ = {
			isa = PBXGroup;
			children = (
			);
			path = ViewModels;
			sourceTree = "<group>";
		};
		AF4FE90325BADF03001DC3E7 /* Models */ = {
			isa = PBXGroup;
			children = (
				AF4C046125BAEE6700274C82 /* GalleryItem.swift */,
			);
			path = Models;
			sourceTree = "<group>";
		};
		AF4FE90425BADF15001DC3E7 /* Managers */ = {
			isa = PBXGroup;
			children = (
			);
			path = Managers;
			sourceTree = "<group>";
		};
		AF4FE90625BADF5D001DC3E7 /* HelpingFiles */ = {
			isa = PBXGroup;
			children = (
				AF0434EA25BAD91A000F9073 /* SceneDelegate.swift */,
				AF0434E825BAD91A000F9073 /* AppDelegate.swift */,
			);
			path = HelpingFiles;
			sourceTree = "<group>";
		};
		AF4FE90725BADF86001DC3E7 /* Storyboards */ = {
			isa = PBXGroup;
			children = (
				AF0434F325BAD91B000F9073 /* LaunchScreen.storyboard */,
				AF0434EE25BAD91A000F9073 /* Main.storyboard */,
			);
			path = Storyboards;
			sourceTree = "<group>";
		};
		CCA6C70E079B93C53FF68730 /* Frameworks */ = {
			isa = PBXGroup;
			children = (
				A15D79E4CB13AB53289E461A /* Pods_GridList.framework */,
			);
			name = Frameworks;
			sourceTree = "<group>";
		};
/* End PBXGroup section */

/* Begin PBXNativeTarget section */
		AF0434E425BAD91A000F9073 /* GridList */ = {
			isa = PBXNativeTarget;
			buildConfigurationList = AF0434F925BAD91B000F9073 /* Build configuration list for PBXNativeTarget "GridList" */;
			buildPhases = (
				8E69E64D277262FE6D826F14 /* [CP] Check Pods Manifest.lock */,
				AF0434E125BAD91A000F9073 /* Sources */,
				AF0434E225BAD91A000F9073 /* Frameworks */,
				AF0434E325BAD91A000F9073 /* Resources */,
				D22EBE7F2CEA4184232CC877 /* [CP] Embed Pods Frameworks */,
			);
			buildRules = (
			);
			dependencies = (
			);
			name = GridList;
			productName = GridList;
			productReference = AF0434E525BAD91A000F9073 /* GridList.app */;
			productType = "com.apple.product-type.application";
		};
/* End PBXNativeTarget section */

/* Begin PBXProject section */
		AF0434DD25BAD91A000F9073 /* Project object */ = {
			isa = PBXProject;
			attributes = {
				LastSwiftUpdateCheck = 1210;
				LastUpgradeCheck = 1210;
				TargetAttributes = {
					AF0434E425BAD91A000F9073 = {
						CreatedOnToolsVersion = 12.1;
					};
				};
			};
			buildConfigurationList = AF0434E025BAD91A000F9073 /* Build configuration list for PBXProject "GridList" */;
			compatibilityVersion = "Xcode 9.3";
			developmentRegion = en;
			hasScannedForEncodings = 0;
			knownRegions = (
				en,
				Base,
			);
			mainGroup = AF0434DC25BAD91A000F9073;
			productRefGroup = AF0434E625BAD91A000F9073 /* Products */;
			projectDirPath = "";
			projectRoot = "";
			targets = (
				AF0434E425BAD91A000F9073 /* GridList */,
			);
		};
/* End PBXProject section */

/* Begin PBXResourcesBuildPhase section */
		AF0434E325BAD91A000F9073 /* Resources */ = {
			isa = PBXResourcesBuildPhase;
			buildActionMask = 2147483647;
			files = (
				AF0434F525BAD91B000F9073 /* LaunchScreen.storyboard in Resources */,
				AF4C045F25BAEC5C00274C82 /* ImageListCell.xib in Resources */,
				AF0434F225BAD91B000F9073 /* Assets.xcassets in Resources */,
				AF0434F025BAD91A000F9073 /* Main.storyboard in Resources */,
			);
			runOnlyForDeploymentPostprocessing = 0;
		};
/* End PBXResourcesBuildPhase section */

/* Begin PBXShellScriptBuildPhase section */
		8E69E64D277262FE6D826F14 /* [CP] Check Pods Manifest.lock */ = {
			isa = PBXShellScriptBuildPhase;
			buildActionMask = 2147483647;
			files = (
			);
			inputFileListPaths = (
			);
			inputPaths = (
				"${PODS_PODFILE_DIR_PATH}/Podfile.lock",
				"${PODS_ROOT}/Manifest.lock",
			);
			name = "[CP] Check Pods Manifest.lock";
			outputFileListPaths = (
			);
			outputPaths = (
				"$(DERIVED_FILE_DIR)/Pods-GridList-checkManifestLockResult.txt",
			);
			runOnlyForDeploymentPostprocessing = 0;
			shellPath = /bin/sh;
			shellScript = "diff \"${PODS_PODFILE_DIR_PATH}/Podfile.lock\" \"${PODS_ROOT}/Manifest.lock\" > /dev/null\nif [ $? != 0 ] ; then\n    # print error to STDERR\n    echo \"error: The sandbox is not in sync with the Podfile.lock. Run 'pod install' or update your CocoaPods installation.\" >&2\n    exit 1\nfi\n# This output is used by Xcode 'outputs' to avoid re-running this script phase.\necho \"SUCCESS\" > \"${SCRIPT_OUTPUT_FILE_0}\"\n";
			showEnvVarsInLog = 0;
		};
		D22EBE7F2CEA4184232CC877 /* [CP] Embed Pods Frameworks */ = {
			isa = PBXShellScriptBuildPhase;
			buildActionMask = 2147483647;
			files = (
			);
			inputFileListPaths = (
				"${PODS_ROOT}/Target Support Files/Pods-GridList/Pods-GridList-frameworks-${CONFIGURATION}-input-files.xcfilelist",
			);
			name = "[CP] Embed Pods Frameworks";
			outputFileListPaths = (
				"${PODS_ROOT}/Target Support Files/Pods-GridList/Pods-GridList-frameworks-${CONFIGURATION}-output-files.xcfilelist",
			);
			runOnlyForDeploymentPostprocessing = 0;
			shellPath = /bin/sh;
			shellScript = "\"${PODS_ROOT}/Target Support Files/Pods-GridList/Pods-GridList-frameworks.sh\"\n";
			showEnvVarsInLog = 0;
		};
/* End PBXShellScriptBuildPhase section */

/* Begin PBXSourcesBuildPhase section */
		AF0434E125BAD91A000F9073 /* Sources */ = {
			isa = PBXSourcesBuildPhase;
			buildActionMask = 2147483647;
			files = (
				AF4AF2F825BAE0FF00944A79 /* TabViewController.swift in Sources */,
				AF4C045B25BAE9E400274C82 /* ImageListCell.swift in Sources */,
				AF0434E925BAD91A000F9073 /* AppDelegate.swift in Sources */,
				AF4C045725BAE89800274C82 /* ImageListViewController.swift in Sources */,
				AF0434EB25BAD91A000F9073 /* SceneDelegate.swift in Sources */,
				AF4C046225BAEE6700274C82 /* GalleryItem.swift in Sources */,
			);
			runOnlyForDeploymentPostprocessing = 0;
		};
/* End PBXSourcesBuildPhase section */

/* Begin PBXVariantGroup section */
		AF0434EE25BAD91A000F9073 /* Main.storyboard */ = {
			isa = PBXVariantGroup;
			children = (
				AF0434EF25BAD91A000F9073 /* Base */,
			);
			name = Main.storyboard;
			sourceTree = "<group>";
		};
		AF0434F325BAD91B000F9073 /* LaunchScreen.storyboard */ = {
			isa = PBXVariantGroup;
			children = (
				AF0434F425BAD91B000F9073 /* Base */,
			);
			name = LaunchScreen.storyboard;
			sourceTree = "<group>";
		};
/* End PBXVariantGroup section */

/* Begin XCBuildConfiguration section */
		AF0434F725BAD91B000F9073 /* Debug */ = {
			isa = XCBuildConfiguration;
			buildSettings = {
				ALWAYS_SEARCH_USER_PATHS = NO;
				CLANG_ANALYZER_NONNULL = YES;
				CLANG_ANALYZER_NUMBER_OBJECT_CONVERSION = YES_AGGRESSIVE;
				CLANG_CXX_LANGUAGE_STANDARD = "gnu++14";
				CLANG_CXX_LIBRARY = "libc++";
				CLANG_ENABLE_MODULES = YES;
				CLANG_ENABLE_OBJC_ARC = YES;
				CLANG_ENABLE_OBJC_WEAK = YES;
				CLANG_WARN_BLOCK_CAPTURE_AUTORELEASING = YES;
				CLANG_WARN_BOOL_CONVERSION = YES;
				CLANG_WARN_COMMA = YES;
				CLANG_WARN_CONSTANT_CONVERSION = YES;
				CLANG_WARN_DEPRECATED_OBJC_IMPLEMENTATIONS = YES;
				CLANG_WARN_DIRECT_OBJC_ISA_USAGE = YES_ERROR;
				CLANG_WARN_DOCUMENTATION_COMMENTS = YES;
				CLANG_WARN_EMPTY_BODY = YES;
				CLANG_WARN_ENUM_CONVERSION = YES;
				CLANG_WARN_INFINITE_RECURSION = YES;
				CLANG_WARN_INT_CONVERSION = YES;
				CLANG_WARN_NON_LITERAL_NULL_CONVERSION = YES;
				CLANG_WARN_OBJC_IMPLICIT_RETAIN_SELF = YES;
				CLANG_WARN_OBJC_LITERAL_CONVERSION = YES;
				CLANG_WARN_OBJC_ROOT_CLASS = YES_ERROR;
				CLANG_WARN_QUOTED_INCLUDE_IN_FRAMEWORK_HEADER = YES;
				CLANG_WARN_RANGE_LOOP_ANALYSIS = YES;
				CLANG_WARN_STRICT_PROTOTYPES = YES;
				CLANG_WARN_SUSPICIOUS_MOVE = YES;
				CLANG_WARN_UNGUARDED_AVAILABILITY = YES_AGGRESSIVE;
				CLANG_WARN_UNREACHABLE_CODE = YES;
				CLANG_WARN__DUPLICATE_METHOD_MATCH = YES;
				COPY_PHASE_STRIP = NO;
				DEBUG_INFORMATION_FORMAT = dwarf;
				ENABLE_STRICT_OBJC_MSGSEND = YES;
				ENABLE_TESTABILITY = YES;
				GCC_C_LANGUAGE_STANDARD = gnu11;
				GCC_DYNAMIC_NO_PIC = NO;
				GCC_NO_COMMON_BLOCKS = YES;
				GCC_OPTIMIZATION_LEVEL = 0;
				GCC_PREPROCESSOR_DEFINITIONS = (
					"DEBUG=1",
					"$(inherited)",
				);
				GCC_WARN_64_TO_32_BIT_CONVERSION = YES;
				GCC_WARN_ABOUT_RETURN_TYPE = YES_ERROR;
				GCC_WARN_UNDECLARED_SELECTOR = YES;
				GCC_WARN_UNINITIALIZED_AUTOS = YES_AGGRESSIVE;
				GCC_WARN_UNUSED_FUNCTION = YES;
				GCC_WARN_UNUSED_VARIABLE = YES;
				IPHONEOS_DEPLOYMENT_TARGET = 14.1;
				MTL_ENABLE_DEBUG_INFO = INCLUDE_SOURCE;
				MTL_FAST_MATH = YES;
				ONLY_ACTIVE_ARCH = YES;
				SDKROOT = iphoneos;
				SWIFT_ACTIVE_COMPILATION_CONDITIONS = DEBUG;
				SWIFT_OPTIMIZATION_LEVEL = "-Onone";
			};
			name = Debug;
		};
		AF0434F825BAD91B000F9073 /* Release */ = {
			isa = XCBuildConfiguration;
			buildSettings = {
				ALWAYS_SEARCH_USER_PATHS = NO;
				CLANG_ANALYZER_NONNULL = YES;
				CLANG_ANALYZER_NUMBER_OBJECT_CONVERSION = YES_AGGRESSIVE;
				CLANG_CXX_LANGUAGE_STANDARD = "gnu++14";
				CLANG_CXX_LIBRARY = "libc++";
				CLANG_ENABLE_MODULES = YES;
				CLANG_ENABLE_OBJC_ARC = YES;
				CLANG_ENABLE_OBJC_WEAK = YES;
				CLANG_WARN_BLOCK_CAPTURE_AUTORELEASING = YES;
				CLANG_WARN_BOOL_CONVERSION = YES;
				CLANG_WARN_COMMA = YES;
				CLANG_WARN_CONSTANT_CONVERSION = YES;
				CLANG_WARN_DEPRECATED_OBJC_IMPLEMENTATIONS = YES;
				CLANG_WARN_DIRECT_OBJC_ISA_USAGE = YES_ERROR;
				CLANG_WARN_DOCUMENTATION_COMMENTS = YES;
				CLANG_WARN_EMPTY_BODY = YES;
				CLANG_WARN_ENUM_CONVERSION = YES;
				CLANG_WARN_INFINITE_RECURSION = YES;
				CLANG_WARN_INT_CONVERSION = YES;
				CLANG_WARN_NON_LITERAL_NULL_CONVERSION = YES;
				CLANG_WARN_OBJC_IMPLICIT_RETAIN_SELF = YES;
				CLANG_WARN_OBJC_LITERAL_CONVERSION = YES;
				CLANG_WARN_OBJC_ROOT_CLASS = YES_ERROR;
				CLANG_WARN_QUOTED_INCLUDE_IN_FRAMEWORK_HEADER = YES;
				CLANG_WARN_RANGE_LOOP_ANALYSIS = YES;
				CLANG_WARN_STRICT_PROTOTYPES = YES;
				CLANG_WARN_SUSPICIOUS_MOVE = YES;
				CLANG_WARN_UNGUARDED_AVAILABILITY = YES_AGGRESSIVE;
				CLANG_WARN_UNREACHABLE_CODE = YES;
				CLANG_WARN__DUPLICATE_METHOD_MATCH = YES;
				COPY_PHASE_STRIP = NO;
				DEBUG_INFORMATION_FORMAT = "dwarf-with-dsym";
				ENABLE_NS_ASSERTIONS = NO;
				ENABLE_STRICT_OBJC_MSGSEND = YES;
				GCC_C_LANGUAGE_STANDARD = gnu11;
				GCC_NO_COMMON_BLOCKS = YES;
				GCC_WARN_64_TO_32_BIT_CONVERSION = YES;
				GCC_WARN_ABOUT_RETURN_TYPE = YES_ERROR;
				GCC_WARN_UNDECLARED_SELECTOR = YES;
				GCC_WARN_UNINITIALIZED_AUTOS = YES_AGGRESSIVE;
				GCC_WARN_UNUSED_FUNCTION = YES;
				GCC_WARN_UNUSED_VARIABLE = YES;
				IPHONEOS_DEPLOYMENT_TARGET = 14.1;
				MTL_ENABLE_DEBUG_INFO = NO;
				MTL_FAST_MATH = YES;
				SDKROOT = iphoneos;
				SWIFT_COMPILATION_MODE = wholemodule;
				SWIFT_OPTIMIZATION_LEVEL = "-O";
				VALIDATE_PRODUCT = YES;
			};
			name = Release;
		};
		AF0434FA25BAD91B000F9073 /* Debug */ = {
			isa = XCBuildConfiguration;
			baseConfigurationReference = 30373C01BE5B54B7909A7512 /* Pods-GridList.debug.xcconfig */;
			buildSettings = {
				ASSETCATALOG_COMPILER_APPICON_NAME = AppIcon;
				ASSETCATALOG_COMPILER_GLOBAL_ACCENT_COLOR_NAME = AccentColor;
				CODE_SIGN_STYLE = Automatic;
				DEVELOPMENT_TEAM = G55Z2K3838;
				INFOPLIST_FILE = GridList/Info.plist;
				LD_RUNPATH_SEARCH_PATHS = (
					"$(inherited)",
					"@executable_path/Frameworks",
				);
				PRODUCT_BUNDLE_IDENTIFIER = Obada.GridList;
				PRODUCT_NAME = "$(TARGET_NAME)";
				SWIFT_VERSION = 5.0;
				TARGETED_DEVICE_FAMILY = 1;
			};
			name = Debug;
		};
		AF0434FB25BAD91B000F9073 /* Release */ = {
			isa = XCBuildConfiguration;
			baseConfigurationReference = 698D7CE1B17E9758B209A3C8 /* Pods-GridList.release.xcconfig */;
			buildSettings = {
				ASSETCATALOG_COMPILER_APPICON_NAME = AppIcon;
				ASSETCATALOG_COMPILER_GLOBAL_ACCENT_COLOR_NAME = AccentColor;
				CODE_SIGN_STYLE = Automatic;
				DEVELOPMENT_TEAM = G55Z2K3838;
				INFOPLIST_FILE = GridList/Info.plist;
				LD_RUNPATH_SEARCH_PATHS = (
					"$(inherited)",
					"@executable_path/Frameworks",
				);
				PRODUCT_BUNDLE_IDENTIFIER = Obada.GridList;
				PRODUCT_NAME = "$(TARGET_NAME)";
				SWIFT_VERSION = 5.0;
				TARGETED_DEVICE_FAMILY = 1;
			};
			name = Release;
		};
/* End XCBuildConfiguration section */

/* Begin XCConfigurationList section */
		AF0434E025BAD91A000F9073 /* Build configuration list for PBXProject "GridList" */ = {
			isa = XCConfigurationList;
			buildConfigurations = (
				AF0434F725BAD91B000F9073 /* Debug */,
				AF0434F825BAD91B000F9073 /* Release */,
			);
			defaultConfigurationIsVisible = 0;
			defaultConfigurationName = Release;
		};
		AF0434F925BAD91B000F9073 /* Build configuration list for PBXNativeTarget "GridList" */ = {
			isa = XCConfigurationList;
			buildConfigurations = (
				AF0434FA25BAD91B000F9073 /* Debug */,
				AF0434FB25BAD91B000F9073 /* Release */,
			);
			defaultConfigurationIsVisible = 0;
			defaultConfigurationName = Release;
		};
/* End XCConfigurationList section */
	};
	rootObject = AF0434DD25BAD91A000F9073 /* Project object */;
}
